
Microsoft Visual Studio Solution File, Format Version 12.00
# Visual Studio Version 17
VisualStudioVersion = 17.8.34525.116
MinimumVisualStudioVersion = 10.0.40219.1
Project("{9A19103F-16F7-4668-BE54-9A1E7A4F7556}") = "TwoSum", "TwoSum\TwoSum.csproj", "{F7369886-41A5-4208-ADCA-60816771BAD8}"
EndProject
Project("{9A19103F-16F7-4668-BE54-9A1E7A4F7556}") = "383.RansomNote", "383.RansomNote\383.RansomNote.csproj", "{17BD0B5F-AF78-4B22-9F31-A7286F22E20E}"
EndProject
Project("{9A19103F-16F7-4668-BE54-9A1E7A4F7556}") = "141.LinkedListCycle", "141.LinkedListCycle\141.LinkedListCycle.csproj", "{7C69B4CB-66AD-48E1-BA76-3C34DD1083E6}"
EndProject
Project("{9A19103F-16F7-4668-BE54-9A1E7A4F7556}") = "20.ValidParentheses", "20.ValidParentheses\20.ValidParentheses.csproj", "{5626B80A-EDD8-469F-8A3B-C77624A3DEEE}"
EndProject
Project("{9A19103F-16F7-4668-BE54-9A1E7A4F7556}") = "278.FirstBadVersion", "278.FirstBadVersion\278.FirstBadVersion.csproj", "{2BF83B2F-D5D4-48BC-8B9E-25BAC2B548F1}"
EndProject
Project("{9A19103F-16F7-4668-BE54-9A1E7A4F7556}") = "409.LongestPalindrome", "409.LongestPalindrome\409.LongestPalindrome.csproj", "{0701BD3D-495E-4471-9E52-84C25A11F5FF}"
EndProject
Project("{9A19103F-16F7-4668-BE54-9A1E7A4F7556}") = "15.3Sum", "15.3Sum\15.3Sum.csproj", "{D85876A3-9D75-4E91-925F-F4157895A115}"
EndProject
Project("{9A19103F-16F7-4668-BE54-9A1E7A4F7556}") = "169.MajorityElement", "169.MajorityElement\169.MajorityElement.csproj", "{7B7F1671-E3D6-45E0-8668-5B623C1883DF}"
EndProject
Project("{9A19103F-16F7-4668-BE54-9A1E7A4F7556}") = "67.AddBinary", "67.AddBinary\67.AddBinary.csproj", "{74B8F310-E33B-421F-8AD6-6C50DB7ECBFA}"
EndProject
Project("{9A19103F-16F7-4668-BE54-9A1E7A4F7556}") = "70.ClimbingStairs", "70.ClimbingStairs\70.ClimbingStairs.csproj", "{94B8E57C-8AC3-439F-8D7E-BB18EC8C1944}"
EndProject
Project("{9A19103F-16F7-4668-BE54-9A1E7A4F7556}") = "242.ValidAnagram", "242.ValidAnagram\242.ValidAnagram.csproj", "{51549A81-D9D6-4F3D-8266-D4737649A66F}"
EndProject
Project("{9A19103F-16F7-4668-BE54-9A1E7A4F7556}") = "3. Longest Substring Without Repeating Characters", "3. Longest Substring Without Repeating Characters\3. Longest Substring Without Repeating Characters.csproj", "{268CEC17-28DD-4BC0-AEEF-D2311ACD92CD}"
EndProject
Project("{9A19103F-16F7-4668-BE54-9A1E7A4F7556}") = "733.FloodFill", "733.FloodFill\733.FloodFill.csproj", "{49DF3B4C-27ED-4515-B104-4AA6D7BCCFBD}"
EndProject
Project("{FAE04EC0-301F-11D3-BF4B-00C04F79EFBC}") = "994.RottingOranges", "994.RottingOranges\994.RottingOranges.csproj", "{B0779D18-C124-4C16-BED3-7410BBA536AD}"
EndProject
Global
	GlobalSection(SolutionConfigurationPlatforms) = preSolution
		Debug|Any CPU = Debug|Any CPU
		Release|Any CPU = Release|Any CPU
	EndGlobalSection
	GlobalSection(ProjectConfigurationPlatforms) = postSolution
		{F7369886-41A5-4208-ADCA-60816771BAD8}.Debug|Any CPU.ActiveCfg = Debug|Any CPU
		{F7369886-41A5-4208-ADCA-60816771BAD8}.Debug|Any CPU.Build.0 = Debug|Any CPU
		{F7369886-41A5-4208-ADCA-60816771BAD8}.Release|Any CPU.ActiveCfg = Release|Any CPU
		{F7369886-41A5-4208-ADCA-60816771BAD8}.Release|Any CPU.Build.0 = Release|Any CPU
		{17BD0B5F-AF78-4B22-9F31-A7286F22E20E}.Debug|Any CPU.ActiveCfg = Debug|Any CPU
		{17BD0B5F-AF78-4B22-9F31-A7286F22E20E}.Debug|Any CPU.Build.0 = Debug|Any CPU
		{17BD0B5F-AF78-4B22-9F31-A7286F22E20E}.Release|Any CPU.ActiveCfg = Release|Any CPU
		{17BD0B5F-AF78-4B22-9F31-A7286F22E20E}.Release|Any CPU.Build.0 = Release|Any CPU
		{7C69B4CB-66AD-48E1-BA76-3C34DD1083E6}.Debug|Any CPU.ActiveCfg = Debug|Any CPU
		{7C69B4CB-66AD-48E1-BA76-3C34DD1083E6}.Debug|Any CPU.Build.0 = Debug|Any CPU
		{7C69B4CB-66AD-48E1-BA76-3C34DD1083E6}.Release|Any CPU.ActiveCfg = Release|Any CPU
		{7C69B4CB-66AD-48E1-BA76-3C34DD1083E6}.Release|Any CPU.Build.0 = Release|Any CPU
		{5626B80A-EDD8-469F-8A3B-C77624A3DEEE}.Debug|Any CPU.ActiveCfg = Debug|Any CPU
		{5626B80A-EDD8-469F-8A3B-C77624A3DEEE}.Debug|Any CPU.Build.0 = Debug|Any CPU
		{5626B80A-EDD8-469F-8A3B-C77624A3DEEE}.Release|Any CPU.ActiveCfg = Release|Any CPU
		{5626B80A-EDD8-469F-8A3B-C77624A3DEEE}.Release|Any CPU.Build.0 = Release|Any CPU
		{2BF83B2F-D5D4-48BC-8B9E-25BAC2B548F1}.Debug|Any CPU.ActiveCfg = Debug|Any CPU
		{2BF83B2F-D5D4-48BC-8B9E-25BAC2B548F1}.Debug|Any CPU.Build.0 = Debug|Any CPU
		{2BF83B2F-D5D4-48BC-8B9E-25BAC2B548F1}.Release|Any CPU.ActiveCfg = Release|Any CPU
		{2BF83B2F-D5D4-48BC-8B9E-25BAC2B548F1}.Release|Any CPU.Build.0 = Release|Any CPU
		{0701BD3D-495E-4471-9E52-84C25A11F5FF}.Debug|Any CPU.ActiveCfg = Debug|Any CPU
		{0701BD3D-495E-4471-9E52-84C25A11F5FF}.Debug|Any CPU.Build.0 = Debug|Any CPU
		{0701BD3D-495E-4471-9E52-84C25A11F5FF}.Release|Any CPU.ActiveCfg = Release|Any CPU
		{0701BD3D-495E-4471-9E52-84C25A11F5FF}.Release|Any CPU.Build.0 = Release|Any CPU
		{D85876A3-9D75-4E91-925F-F4157895A115}.Debug|Any CPU.ActiveCfg = Debug|Any CPU
		{D85876A3-9D75-4E91-925F-F4157895A115}.Debug|Any CPU.Build.0 = Debug|Any CPU
		{D85876A3-9D75-4E91-925F-F4157895A115}.Release|Any CPU.ActiveCfg = Release|Any CPU
		{D85876A3-9D75-4E91-925F-F4157895A115}.Release|Any CPU.Build.0 = Release|Any CPU
		{7B7F1671-E3D6-45E0-8668-5B623C1883DF}.Debug|Any CPU.ActiveCfg = Debug|Any CPU
		{7B7F1671-E3D6-45E0-8668-5B623C1883DF}.Debug|Any CPU.Build.0 = Debug|Any CPU
		{7B7F1671-E3D6-45E0-8668-5B623C1883DF}.Release|Any CPU.ActiveCfg = Release|Any CPU
		{7B7F1671-E3D6-45E0-8668-5B623C1883DF}.Release|Any CPU.Build.0 = Release|Any CPU
		{74B8F310-E33B-421F-8AD6-6C50DB7ECBFA}.Debug|Any CPU.ActiveCfg = Debug|Any CPU
		{74B8F310-E33B-421F-8AD6-6C50DB7ECBFA}.Debug|Any CPU.Build.0 = Debug|Any CPU
		{74B8F310-E33B-421F-8AD6-6C50DB7ECBFA}.Release|Any CPU.ActiveCfg = Release|Any CPU
		{74B8F310-E33B-421F-8AD6-6C50DB7ECBFA}.Release|Any CPU.Build.0 = Release|Any CPU
		{94B8E57C-8AC3-439F-8D7E-BB18EC8C1944}.Debug|Any CPU.ActiveCfg = Debug|Any CPU
		{94B8E57C-8AC3-439F-8D7E-BB18EC8C1944}.Debug|Any CPU.Build.0 = Debug|Any CPU
		{94B8E57C-8AC3-439F-8D7E-BB18EC8C1944}.Release|Any CPU.ActiveCfg = Release|Any CPU
		{94B8E57C-8AC3-439F-8D7E-BB18EC8C1944}.Release|Any CPU.Build.0 = Release|Any CPU
		{51549A81-D9D6-4F3D-8266-D4737649A66F}.Debug|Any CPU.ActiveCfg = Debug|Any CPU
		{51549A81-D9D6-4F3D-8266-D4737649A66F}.Debug|Any CPU.Build.0 = Debug|Any CPU
		{51549A81-D9D6-4F3D-8266-D4737649A66F}.Release|Any CPU.ActiveCfg = Release|Any CPU
		{51549A81-D9D6-4F3D-8266-D4737649A66F}.Release|Any CPU.Build.0 = Release|Any CPU
		{268CEC17-28DD-4BC0-AEEF-D2311ACD92CD}.Debug|Any CPU.ActiveCfg = Debug|Any CPU
		{268CEC17-28DD-4BC0-AEEF-D2311ACD92CD}.Debug|Any CPU.Build.0 = Debug|Any CPU
		{268CEC17-28DD-4BC0-AEEF-D2311ACD92CD}.Release|Any CPU.ActiveCfg = Release|Any CPU
		{268CEC17-28DD-4BC0-AEEF-D2311ACD92CD}.Release|Any CPU.Build.0 = Release|Any CPU
		{49DF3B4C-27ED-4515-B104-4AA6D7BCCFBD}.Debug|Any CPU.ActiveCfg = Debug|Any CPU
		{49DF3B4C-27ED-4515-B104-4AA6D7BCCFBD}.Debug|Any CPU.Build.0 = Debug|Any CPU
		{49DF3B4C-27ED-4515-B104-4AA6D7BCCFBD}.Release|Any CPU.ActiveCfg = Release|Any CPU
		{49DF3B4C-27ED-4515-B104-4AA6D7BCCFBD}.Release|Any CPU.Build.0 = Release|Any CPU
		{B0779D18-C124-4C16-BED3-7410BBA536AD}.Debug|Any CPU.ActiveCfg = Debug|Any CPU
		{B0779D18-C124-4C16-BED3-7410BBA536AD}.Debug|Any CPU.Build.0 = Debug|Any CPU
		{B0779D18-C124-4C16-BED3-7410BBA536AD}.Release|Any CPU.ActiveCfg = Release|Any CPU
		{B0779D18-C124-4C16-BED3-7410BBA536AD}.Release|Any CPU.Build.0 = Release|Any CPU
	EndGlobalSection
	GlobalSection(SolutionProperties) = preSolution
		HideSolutionNode = FALSE
	EndGlobalSection
	GlobalSection(ExtensibilityGlobals) = postSolution
		SolutionGuid = {C036C5DA-D298-4BB1-82AF-B8FA6A610EF5}
	EndGlobalSection
EndGlobal
